# THIS IS AN AUTOGENERATED FILE. DO NOT EDIT THIS FILE DIRECTLY.
# yarn lockfile v1


"@auth0/auth0-react@^2.0.1":
  version "2.0.1"
  resolved "https://registry.yarnpkg.com/@auth0/auth0-react/-/auth0-react-2.0.1.tgz#581d3d1481fabe6f5b6821a08254344345f1a77c"
  integrity sha512-7Rla3del7inUloaWMsECs0JvBpDEj9lgfy+BQE/Z75zs9tveNvxab+xFdfrBC0GPN0eoiq1PeHcc++YjLnti+g==
  dependencies:
    "@auth0/auth0-spa-js" "^2.0.4"

"@auth0/auth0-spa-js@^2.0.4":
  version "2.0.4"
  resolved "https://registry.yarnpkg.com/@auth0/auth0-spa-js/-/auth0-spa-js-2.0.4.tgz#81f6b5d9f72617ed30ee53cdf27dcd7a216bf2da"
  integrity sha512-NgD6Fkm5Xnbned1VjhEW8irm1/Y8AWtdSLexgLXNwwBVgfnYicCVBu8w75m2t+4QljXkTcI7IXVEFhVmxMuxaA==

"@babel/runtime@^7.4.4":
  version "7.20.13"
  resolved "https://registry.yarnpkg.com/@babel/runtime/-/runtime-7.20.13.tgz#7055ab8a7cff2b8f6058bf6ae45ff84ad2aded4b"
  integrity sha512-gt3PKXs0DBoL9xCvOIIZ2NEqAGZqHjAnmVbfQtB620V0uReIQutpel14KcneZuer7UioY8ALKZ7iocavvzTNFA==
  dependencies:
    regenerator-runtime "^0.13.11"

"@material-ui/icons@^4.11.3":
  version "4.11.3"
  resolved "https://registry.yarnpkg.com/@material-ui/icons/-/icons-4.11.3.tgz#b0693709f9b161ce9ccde276a770d968484ecff1"
  integrity sha512-IKHlyx6LDh8n19vzwH5RtHIOHl9Tu90aAAxcbWME6kp4dmvODM3UvOHJeMIDzUbd4muuJKHmlNoBN+mDY4XkBA==
  dependencies:
    "@babel/runtime" "^7.4.4"

prettier@2.8.3:
  version "2.8.3"
  resolved "https://registry.yarnpkg.com/prettier/-/prettier-2.8.3.tgz#ab697b1d3dd46fb4626fbe2f543afe0cc98d8632"
  integrity sha512-tJ/oJ4amDihPoufT5sM0Z1SKEuKay8LfVAMlbbhnnkvt6BUserZylqo2PN+p9KeljLr0OHa2rXHU1T8reeoTrw==

regenerator-runtime@^0.13.11:
  version "0.13.11"
  resolved "https://registry.yarnpkg.com/regenerator-runtime/-/regenerator-runtime-0.13.11.tgz#f6dca3e7ceec20590d07ada785636a90cdca17f9"
  integrity sha512-kY1AZVr2Ra+t+piVaJ4gxaFaReZVH40AKNo7UCX6W+dEwBo/2oZJzqfuN1qLq1oL45o56cPaTXELwrTh8Fpggg==
